
Microsoft Visual Studio Solution File, Format Version 12.00
# Visual Studio 15
VisualStudioVersion = 15.0.26730.10
MinimumVisualStudioVersion = 10.0.40219.1
Project("{2150E333-8FDC-42A3-9474-1A3956D46DE8}") = "Bitter.CoreRecource", "Bitter.CoreRecource", "{E2792882-D4CF-456D-980E-531D9C04904F}"
EndProject
Project("{2150E333-8FDC-42A3-9474-1A3956D46DE8}") = "BitterOrm", "BitterOrm", "{587AF577-954F-4995-B9D3-B88AF621A3DB}"
EndProject
Project("{9A19103F-16F7-4668-BE54-9A1E7A4F7556}") = "Bitter.DataAccess.NetCore", "src\Bitter.DataAccess.NetCore\Bitter.DataAccess.NetCore.csproj", "{5FFA2CD3-EDD5-4E67-B4E6-69CEDB9DAC0C}"
EndProject
Project("{9A19103F-16F7-4668-BE54-9A1E7A4F7556}") = "Bitter.Core.NetCore", "src\Bitter.NetCore\Bitter.Core.NetCore.csproj", "{3099A26E-0A75-4729-A4C7-EBBF7BD6E5B2}"
EndProject
Project("{9A19103F-16F7-4668-BE54-9A1E7A4F7556}") = "Bitter.Tools.NetCore", "src\Bitter.Tools.NetCore\Bitter.Tools.NetCore.csproj", "{AD3677B7-8FC1-4DC4-9D20-287A49B20B3B}"
EndProject
Project("{9A19103F-16F7-4668-BE54-9A1E7A4F7556}") = "Bitter.Base.NetCore", "src\Bitter.Frame.Base.NetCore\Bitter.Base.NetCore.csproj", "{D49057C6-6FF0-4787-A4FE-B458AF39A06E}"
EndProject
Global
	GlobalSection(SolutionConfigurationPlatforms) = preSolution
		Debug|Any CPU = Debug|Any CPU
		Release|Any CPU = Release|Any CPU
	EndGlobalSection
	GlobalSection(ProjectConfigurationPlatforms) = postSolution
		{5FFA2CD3-EDD5-4E67-B4E6-69CEDB9DAC0C}.Debug|Any CPU.ActiveCfg = Debug|Any CPU
		{5FFA2CD3-EDD5-4E67-B4E6-69CEDB9DAC0C}.Debug|Any CPU.Build.0 = Debug|Any CPU
		{5FFA2CD3-EDD5-4E67-B4E6-69CEDB9DAC0C}.Release|Any CPU.ActiveCfg = Release|Any CPU
		{5FFA2CD3-EDD5-4E67-B4E6-69CEDB9DAC0C}.Release|Any CPU.Build.0 = Release|Any CPU
		{3099A26E-0A75-4729-A4C7-EBBF7BD6E5B2}.Debug|Any CPU.ActiveCfg = Debug|Any CPU
		{3099A26E-0A75-4729-A4C7-EBBF7BD6E5B2}.Debug|Any CPU.Build.0 = Debug|Any CPU
		{3099A26E-0A75-4729-A4C7-EBBF7BD6E5B2}.Release|Any CPU.ActiveCfg = Release|Any CPU
		{3099A26E-0A75-4729-A4C7-EBBF7BD6E5B2}.Release|Any CPU.Build.0 = Release|Any CPU
		{AD3677B7-8FC1-4DC4-9D20-287A49B20B3B}.Debug|Any CPU.ActiveCfg = Debug|Any CPU
		{AD3677B7-8FC1-4DC4-9D20-287A49B20B3B}.Debug|Any CPU.Build.0 = Debug|Any CPU
		{AD3677B7-8FC1-4DC4-9D20-287A49B20B3B}.Release|Any CPU.ActiveCfg = Release|Any CPU
		{AD3677B7-8FC1-4DC4-9D20-287A49B20B3B}.Release|Any CPU.Build.0 = Release|Any CPU
		{D49057C6-6FF0-4787-A4FE-B458AF39A06E}.Debug|Any CPU.ActiveCfg = Debug|Any CPU
		{D49057C6-6FF0-4787-A4FE-B458AF39A06E}.Debug|Any CPU.Build.0 = Debug|Any CPU
		{D49057C6-6FF0-4787-A4FE-B458AF39A06E}.Release|Any CPU.ActiveCfg = Release|Any CPU
		{D49057C6-6FF0-4787-A4FE-B458AF39A06E}.Release|Any CPU.Build.0 = Release|Any CPU
	EndGlobalSection
	GlobalSection(SolutionProperties) = preSolution
		HideSolutionNode = FALSE
	EndGlobalSection
	GlobalSection(NestedProjects) = preSolution
		{587AF577-954F-4995-B9D3-B88AF621A3DB} = {E2792882-D4CF-456D-980E-531D9C04904F}
		{5FFA2CD3-EDD5-4E67-B4E6-69CEDB9DAC0C} = {587AF577-954F-4995-B9D3-B88AF621A3DB}
		{3099A26E-0A75-4729-A4C7-EBBF7BD6E5B2} = {587AF577-954F-4995-B9D3-B88AF621A3DB}
		{AD3677B7-8FC1-4DC4-9D20-287A49B20B3B} = {E2792882-D4CF-456D-980E-531D9C04904F}
		{D49057C6-6FF0-4787-A4FE-B458AF39A06E} = {E2792882-D4CF-456D-980E-531D9C04904F}
	EndGlobalSection
	GlobalSection(ExtensibilityGlobals) = postSolution
		SolutionGuid = {5E2FC36F-A815-4632-8EBB-94F24F5C50B1}
	EndGlobalSection
EndGlobal
